
Microsoft Visual Studio Solution File, Format Version 11.00
# Visual Studio 2010
Project("{FAE04EC0-301F-11D3-BF4B-00C04F79EFBC}") = "SingleSenderWeb", "SingleSenderWeb\SingleSenderWeb.csproj", "{134CE70C-9746-4933-A815-4E382D4E6B09}"
EndProject
Global
	GlobalSection(SolutionConfigurationPlatforms) = preSolution
		Debug|Any CPU = Debug|Any CPU
		Release|Any CPU = Release|Any CPU
	EndGlobalSection
	GlobalSection(ProjectConfigurationPlatforms) = postSolution
		{134CE70C-9746-4933-A815-4E382D4E6B09}.Debug|Any CPU.ActiveCfg = Debug|Any CPU
		{134CE70C-9746-4933-A815-4E382D4E6B09}.Debug|Any CPU.Build.0 = Debug|Any CPU
		{134CE70C-9746-4933-A815-4E382D4E6B09}.Release|Any CPU.ActiveCfg = Release|Any CPU
		{134CE70C-9746-4933-A815-4E382D4E6B09}.Release|Any CPU.Build.0 = Release|Any CPU
	EndGlobalSection
	GlobalSection(SolutionProperties) = preSolution
		HideSolutionNode = FALSE
	EndGlobalSection
EndGlobal
